
Microsoft Visual Studio Solution File, Format Version 12.00
# Visual Studio Version 17
VisualStudioVersion = 17.14.36603.0 d17.14
MinimumVisualStudioVersion = 10.0.40219.1
Project("{FAE04EC0-301F-11D3-BF4B-00C04F79EFBC}") = "ToDoList", "ToDoList\ToDoList.csproj", "{BB09FFCE-2BD1-4EF0-8417-E406F3954BD2}"
EndProject
Global
	GlobalSection(SolutionConfigurationPlatforms) = preSolution
		Debug|Any CPU = Debug|Any CPU
		Release|Any CPU = Release|Any CPU
	EndGlobalSection
	GlobalSection(ProjectConfigurationPlatforms) = postSolution
		{BB09FFCE-2BD1-4EF0-8417-E406F3954BD2}.Debug|Any CPU.ActiveCfg = Debug|Any CPU
		{BB09FFCE-2BD1-4EF0-8417-E406F3954BD2}.Debug|Any CPU.Build.0 = Debug|Any CPU
		{BB09FFCE-2BD1-4EF0-8417-E406F3954BD2}.Release|Any CPU.ActiveCfg = Release|Any CPU
		{BB09FFCE-2BD1-4EF0-8417-E406F3954BD2}.Release|Any CPU.Build.0 = Release|Any CPU
	EndGlobalSection
	GlobalSection(SolutionProperties) = preSolution
		HideSolutionNode = FALSE
	EndGlobalSection
	GlobalSection(ExtensibilityGlobals) = postSolution
		SolutionGuid = {565ED419-F6A0-4651-B249-FF1D2CFF4157}
	EndGlobalSection
EndGlobal
